PODS:
  - ed25519 (0.5.0)
  - ObjectMapper (3.4.2)

DEPENDENCIES:
  - ed25519 (from `../../../ed25519cpp`)
  - ObjectMapper

SPEC REPOS:
  https://github.com/cocoapods/specs.git:
    - ObjectMapper

EXTERNAL SOURCES:
  ed25519:
    :path: "../../../ed25519cpp"

SPEC CHECKSUMS:
  ed25519: 364eecae79493dfaacc1f4b6c464118bd5b9c210
  ObjectMapper: 0d4402610f4e468903ae64629eec4784531e5c51

PODFILE CHECKSUM: bd5c7fef5fa4a978686685bdd961b7940174b78f

COCOAPODS: 1.6.0.beta.2
