// !$*UTF8*$!
{
	archiveVersion = 1;
	classes = {
	};
	objectVersion = 51;
	objects = {

/* Begin PBXBuildFile section */
		3108793C2207831000525575 /* AppDelegate.swift in Sources */ = {isa = PBXBuildFile; fileRef = 3108793B2207831000525575 /* AppDelegate.swift */; };
		3108793E2207831000525575 /* Assets.xcassets in Resources */ = {isa = PBXBuildFile; fileRef = 3108793D2207831000525575 /* Assets.xcassets */; };
		310879412207831000525575 /* MainMenu.xib in Resources */ = {isa = PBXBuildFile; fileRef = 3108793F2207831000525575 /* MainMenu.xib */; };
		3108794D2207831100525575 /* dehancerd_clientTests.swift in Sources */ = {isa = PBXBuildFile; fileRef = 3108794C2207831100525575 /* dehancerd_clientTests.swift */; };
		4494CD815E4381C0515D03AA /* Pods_dehancerd_client.framework in Frameworks */ = {isa = PBXBuildFile; fileRef = 6C61548CB6A002E6DCD58F51 /* Pods_dehancerd_client.framework */; };
		4C64C95DE1FF24B381A84207 /* Pods_dehancerd_clientTests.framework in Frameworks */ = {isa = PBXBuildFile; fileRef = 5C0EF9C66C48532EB269FF06 /* Pods_dehancerd_clientTests.framework */; };
/* End PBXBuildFile section */

/* Begin PBXContainerItemProxy section */
		310879492207831100525575 /* PBXContainerItemProxy */ = {
			isa = PBXContainerItemProxy;
			containerPortal = 310879302207831000525575 /* Project object */;
			proxyType = 1;
			remoteGlobalIDString = 310879372207831000525575;
			remoteInfo = "dehancerd-client";
		};
/* End PBXContainerItemProxy section */

/* Begin PBXFileReference section */
		105CE1F2A1C34299CCEB7876 /* Pods-dehancerd-client.release.xcconfig */ = {isa = PBXFileReference; includeInIndex = 1; lastKnownFileType = text.xcconfig; name = "Pods-dehancerd-client.release.xcconfig"; path = "Target Support Files/Pods-dehancerd-client/Pods-dehancerd-client.release.xcconfig"; sourceTree = "<group>"; };
		310879382207831000525575 /* dehancerd-client.app */ = {isa = PBXFileReference; explicitFileType = wrapper.application; includeInIndex = 0; path = "dehancerd-client.app"; sourceTree = BUILT_PRODUCTS_DIR; };
		3108793B2207831000525575 /* AppDelegate.swift */ = {isa = PBXFileReference; lastKnownFileType = sourcecode.swift; path = AppDelegate.swift; sourceTree = "<group>"; };
		3108793D2207831000525575 /* Assets.xcassets */ = {isa = PBXFileReference; lastKnownFileType = folder.assetcatalog; path = Assets.xcassets; sourceTree = "<group>"; };
		310879402207831000525575 /* Base */ = {isa = PBXFileReference; lastKnownFileType = file.xib; name = Base; path = Base.lproj/MainMenu.xib; sourceTree = "<group>"; };
		310879422207831000525575 /* Info.plist */ = {isa = PBXFileReference; lastKnownFileType = text.plist.xml; path = Info.plist; sourceTree = "<group>"; };
		310879432207831000525575 /* dehancerd_client.entitlements */ = {isa = PBXFileReference; lastKnownFileType = text.plist.entitlements; path = dehancerd_client.entitlements; sourceTree = "<group>"; };
		310879482207831100525575 /* dehancerd-clientTests.xctest */ = {isa = PBXFileReference; explicitFileType = wrapper.cfbundle; includeInIndex = 0; path = "dehancerd-clientTests.xctest"; sourceTree = BUILT_PRODUCTS_DIR; };
		3108794C2207831100525575 /* dehancerd_clientTests.swift */ = {isa = PBXFileReference; lastKnownFileType = sourcecode.swift; path = dehancerd_clientTests.swift; sourceTree = "<group>"; };
		3108794E2207831100525575 /* Info.plist */ = {isa = PBXFileReference; lastKnownFileType = text.plist.xml; path = Info.plist; sourceTree = "<group>"; };
		32AA7AD4C33D6D5497B81FF2 /* Pods-dehancerd-clientTests.release.xcconfig */ = {isa = PBXFileReference; includeInIndex = 1; lastKnownFileType = text.xcconfig; name = "Pods-dehancerd-clientTests.release.xcconfig"; path = "Target Support Files/Pods-dehancerd-clientTests/Pods-dehancerd-clientTests.release.xcconfig"; sourceTree = "<group>"; };
		45CE6E008126BED771A51D63 /* Pods-dehancerd-clientTests.debug.xcconfig */ = {isa = PBXFileReference; includeInIndex = 1; lastKnownFileType = text.xcconfig; name = "Pods-dehancerd-clientTests.debug.xcconfig"; path = "Target Support Files/Pods-dehancerd-clientTests/Pods-dehancerd-clientTests.debug.xcconfig"; sourceTree = "<group>"; };
		5C0EF9C66C48532EB269FF06 /* Pods_dehancerd_clientTests.framework */ = {isa = PBXFileReference; explicitFileType = wrapper.framework; includeInIndex = 0; path = Pods_dehancerd_clientTests.framework; sourceTree = BUILT_PRODUCTS_DIR; };
		6C61548CB6A002E6DCD58F51 /* Pods_dehancerd_client.framework */ = {isa = PBXFileReference; explicitFileType = wrapper.framework; includeInIndex = 0; path = Pods_dehancerd_client.framework; sourceTree = BUILT_PRODUCTS_DIR; };
		E1BA2F05EBBC4CD2B068E021 /* Pods-dehancerd-client.debug.xcconfig */ = {isa = PBXFileReference; includeInIndex = 1; lastKnownFileType = text.xcconfig; name = "Pods-dehancerd-client.debug.xcconfig"; path = "Target Support Files/Pods-dehancerd-client/Pods-dehancerd-client.debug.xcconfig"; sourceTree = "<group>"; };
/* End PBXFileReference section */

/* Begin PBXFrameworksBuildPhase section */
		310879352207831000525575 /* Frameworks */ = {
			isa = PBXFrameworksBuildPhase;
			buildActionMask = 2147483647;
			files = (
				4494CD815E4381C0515D03AA /* Pods_dehancerd_client.framework in Frameworks */,
			);
			runOnlyForDeploymentPostprocessing = 0;
		};
		310879452207831100525575 /* Frameworks */ = {
			isa = PBXFrameworksBuildPhase;
			buildActionMask = 2147483647;
			files = (
				4C64C95DE1FF24B381A84207 /* Pods_dehancerd_clientTests.framework in Frameworks */,
			);
			runOnlyForDeploymentPostprocessing = 0;
		};
/* End PBXFrameworksBuildPhase section */

/* Begin PBXGroup section */
		1C0B23B0B56B6E7E43D70EE5 /* Frameworks */ = {
			isa = PBXGroup;
			children = (
				6C61548CB6A002E6DCD58F51 /* Pods_dehancerd_client.framework */,
				5C0EF9C66C48532EB269FF06 /* Pods_dehancerd_clientTests.framework */,
			);
			name = Frameworks;
			sourceTree = "<group>";
		};
		3108792F2207831000525575 = {
			isa = PBXGroup;
			children = (
				3108793A2207831000525575 /* dehancerd-client */,
				3108794B2207831100525575 /* dehancerd-clientTests */,
				310879392207831000525575 /* Products */,
				DFAE80EC42910E77049C3F39 /* Pods */,
				1C0B23B0B56B6E7E43D70EE5 /* Frameworks */,
			);
			sourceTree = "<group>";
		};
		310879392207831000525575 /* Products */ = {
			isa = PBXGroup;
			children = (
				310879382207831000525575 /* dehancerd-client.app */,
				310879482207831100525575 /* dehancerd-clientTests.xctest */,
			);
			name = Products;
			sourceTree = "<group>";
		};
		3108793A2207831000525575 /* dehancerd-client */ = {
			isa = PBXGroup;
			children = (
				3108793B2207831000525575 /* AppDelegate.swift */,
				3108793D2207831000525575 /* Assets.xcassets */,
				3108793F2207831000525575 /* MainMenu.xib */,
				310879422207831000525575 /* Info.plist */,
				310879432207831000525575 /* dehancerd_client.entitlements */,
			);
			path = "dehancerd-client";
			sourceTree = "<group>";
		};
		3108794B2207831100525575 /* dehancerd-clientTests */ = {
			isa = PBXGroup;
			children = (
				3108794C2207831100525575 /* dehancerd_clientTests.swift */,
				3108794E2207831100525575 /* Info.plist */,
			);
			path = "dehancerd-clientTests";
			sourceTree = "<group>";
		};
		DFAE80EC42910E77049C3F39 /* Pods */ = {
			isa = PBXGroup;
			children = (
				E1BA2F05EBBC4CD2B068E021 /* Pods-dehancerd-client.debug.xcconfig */,
				105CE1F2A1C34299CCEB7876 /* Pods-dehancerd-client.release.xcconfig */,
				45CE6E008126BED771A51D63 /* Pods-dehancerd-clientTests.debug.xcconfig */,
				32AA7AD4C33D6D5497B81FF2 /* Pods-dehancerd-clientTests.release.xcconfig */,
			);
			path = Pods;
			sourceTree = "<group>";
		};
/* End PBXGroup section */

/* Begin PBXNativeTarget section */
		310879372207831000525575 /* dehancerd-client */ = {
			isa = PBXNativeTarget;
			buildConfigurationList = 310879512207831100525575 /* Build configuration list for PBXNativeTarget "dehancerd-client" */;
			buildPhases = (
				D32A883B68E9971E847204B7 /* [CP] Check Pods Manifest.lock */,
				310879342207831000525575 /* Sources */,
				310879352207831000525575 /* Frameworks */,
				310879362207831000525575 /* Resources */,
				4C892CDEC8BB755BB89828D9 /* [CP] Embed Pods Frameworks */,
			);
			buildRules = (
			);
			dependencies = (
			);
			name = "dehancerd-client";
			productName = "dehancerd-client";
			productReference = 310879382207831000525575 /* dehancerd-client.app */;
			productType = "com.apple.product-type.application";
		};
		310879472207831100525575 /* dehancerd-clientTests */ = {
			isa = PBXNativeTarget;
			buildConfigurationList = 310879542207831100525575 /* Build configuration list for PBXNativeTarget "dehancerd-clientTests" */;
			buildPhases = (
				CC1B7DB28278207A445D12D1 /* [CP] Check Pods Manifest.lock */,
				310879442207831100525575 /* Sources */,
				310879452207831100525575 /* Frameworks */,
				310879462207831100525575 /* Resources */,
				BC8C529DAF71C90265862D58 /* [CP] Embed Pods Frameworks */,
			);
			buildRules = (
			);
			dependencies = (
				3108794A2207831100525575 /* PBXTargetDependency */,
			);
			name = "dehancerd-clientTests";
			productName = "dehancerd-clientTests";
			productReference = 310879482207831100525575 /* dehancerd-clientTests.xctest */;
			productType = "com.apple.product-type.bundle.unit-test";
		};
/* End PBXNativeTarget section */

/* Begin PBXProject section */
		310879302207831000525575 /* Project object */ = {
			isa = PBXProject;
			attributes = {
				LastSwiftUpdateCheck = 1010;
				LastUpgradeCheck = 1110;
				ORGANIZATIONNAME = Dehacer;
				TargetAttributes = {
					310879372207831000525575 = {
						CreatedOnToolsVersion = 10.1;
						LastSwiftMigration = 1110;
						SystemCapabilities = {
							com.apple.Sandbox = {
								enabled = 0;
							};
						};
					};
					310879472207831100525575 = {
						CreatedOnToolsVersion = 10.1;
						LastSwiftMigration = 1110;
						TestTargetID = 310879372207831000525575;
					};
				};
			};
			buildConfigurationList = 310879332207831000525575 /* Build configuration list for PBXProject "dehancerd-client" */;
			compatibilityVersion = "Xcode 9.3";
			developmentRegion = en;
			hasScannedForEncodings = 0;
			knownRegions = (
				en,
				Base,
			);
			mainGroup = 3108792F2207831000525575;
			productRefGroup = 310879392207831000525575 /* Products */;
			projectDirPath = "";
			projectRoot = "";
			targets = (
				310879372207831000525575 /* dehancerd-client */,
				310879472207831100525575 /* dehancerd-clientTests */,
			);
		};
/* End PBXProject section */

/* Begin PBXResourcesBuildPhase section */
		310879362207831000525575 /* Resources */ = {
			isa = PBXResourcesBuildPhase;
			buildActionMask = 2147483647;
			files = (
				3108793E2207831000525575 /* Assets.xcassets in Resources */,
				310879412207831000525575 /* MainMenu.xib in Resources */,
			);
			runOnlyForDeploymentPostprocessing = 0;
		};
		310879462207831100525575 /* Resources */ = {
			isa = PBXResourcesBuildPhase;
			buildActionMask = 2147483647;
			files = (
			);
			runOnlyForDeploymentPostprocessing = 0;
		};
/* End PBXResourcesBuildPhase section */

/* Begin PBXShellScriptBuildPhase section */
		4C892CDEC8BB755BB89828D9 /* [CP] Embed Pods Frameworks */ = {
			isa = PBXShellScriptBuildPhase;
			buildActionMask = 2147483647;
			files = (
			);
			inputFileListPaths = (
				"${PODS_ROOT}/Target Support Files/Pods-dehancerd-client/Pods-dehancerd-client-frameworks-${CONFIGURATION}-input-files.xcfilelist",
			);
			name = "[CP] Embed Pods Frameworks";
			outputFileListPaths = (
				"${PODS_ROOT}/Target Support Files/Pods-dehancerd-client/Pods-dehancerd-client-frameworks-${CONFIGURATION}-output-files.xcfilelist",
			);
			runOnlyForDeploymentPostprocessing = 0;
			shellPath = /bin/sh;
			shellScript = "\"${PODS_ROOT}/Target Support Files/Pods-dehancerd-client/Pods-dehancerd-client-frameworks.sh\"\n";
			showEnvVarsInLog = 0;
		};
		BC8C529DAF71C90265862D58 /* [CP] Embed Pods Frameworks */ = {
			isa = PBXShellScriptBuildPhase;
			buildActionMask = 2147483647;
			files = (
			);
			inputFileListPaths = (
				"${PODS_ROOT}/Target Support Files/Pods-dehancerd-clientTests/Pods-dehancerd-clientTests-frameworks-${CONFIGURATION}-input-files.xcfilelist",
			);
			name = "[CP] Embed Pods Frameworks";
			outputFileListPaths = (
				"${PODS_ROOT}/Target Support Files/Pods-dehancerd-clientTests/Pods-dehancerd-clientTests-frameworks-${CONFIGURATION}-output-files.xcfilelist",
			);
			runOnlyForDeploymentPostprocessing = 0;
			shellPath = /bin/sh;
			shellScript = "\"${PODS_ROOT}/Target Support Files/Pods-dehancerd-clientTests/Pods-dehancerd-clientTests-frameworks.sh\"\n";
			showEnvVarsInLog = 0;
		};
		CC1B7DB28278207A445D12D1 /* [CP] Check Pods Manifest.lock */ = {
			isa = PBXShellScriptBuildPhase;
			buildActionMask = 2147483647;
			files = (
			);
			inputFileListPaths = (
			);
			inputPaths = (
				"${PODS_PODFILE_DIR_PATH}/Podfile.lock",
				"${PODS_ROOT}/Manifest.lock",
			);
			name = "[CP] Check Pods Manifest.lock";
			outputFileListPaths = (
			);
			outputPaths = (
				"$(DERIVED_FILE_DIR)/Pods-dehancerd-clientTests-checkManifestLockResult.txt",
			);
			runOnlyForDeploymentPostprocessing = 0;
			shellPath = /bin/sh;
			shellScript = "diff \"${PODS_PODFILE_DIR_PATH}/Podfile.lock\" \"${PODS_ROOT}/Manifest.lock\" > /dev/null\nif [ $? != 0 ] ; then\n    # print error to STDERR\n    echo \"error: The sandbox is not in sync with the Podfile.lock. Run 'pod install' or update your CocoaPods installation.\" >&2\n    exit 1\nfi\n# This output is used by Xcode 'outputs' to avoid re-running this script phase.\necho \"SUCCESS\" > \"${SCRIPT_OUTPUT_FILE_0}\"\n";
			showEnvVarsInLog = 0;
		};
		D32A883B68E9971E847204B7 /* [CP] Check Pods Manifest.lock */ = {
			isa = PBXShellScriptBuildPhase;
			buildActionMask = 2147483647;
			files = (
			);
			inputFileListPaths = (
			);
			inputPaths = (
				"${PODS_PODFILE_DIR_PATH}/Podfile.lock",
				"${PODS_ROOT}/Manifest.lock",
			);
			name = "[CP] Check Pods Manifest.lock";
			outputFileListPaths = (
			);
			outputPaths = (
				"$(DERIVED_FILE_DIR)/Pods-dehancerd-client-checkManifestLockResult.txt",
			);
			runOnlyForDeploymentPostprocessing = 0;
			shellPath = /bin/sh;
			shellScript = "diff \"${PODS_PODFILE_DIR_PATH}/Podfile.lock\" \"${PODS_ROOT}/Manifest.lock\" > /dev/null\nif [ $? != 0 ] ; then\n    # print error to STDERR\n    echo \"error: The sandbox is not in sync with the Podfile.lock. Run 'pod install' or update your CocoaPods installation.\" >&2\n    exit 1\nfi\n# This output is used by Xcode 'outputs' to avoid re-running this script phase.\necho \"SUCCESS\" > \"${SCRIPT_OUTPUT_FILE_0}\"\n";
			showEnvVarsInLog = 0;
		};
/* End PBXShellScriptBuildPhase section */

/* Begin PBXSourcesBuildPhase section */
		310879342207831000525575 /* Sources */ = {
			isa = PBXSourcesBuildPhase;
			buildActionMask = 2147483647;
			files = (
				3108793C2207831000525575 /* AppDelegate.swift in Sources */,
			);
			runOnlyForDeploymentPostprocessing = 0;
		};
		310879442207831100525575 /* Sources */ = {
			isa = PBXSourcesBuildPhase;
			buildActionMask = 2147483647;
			files = (
				3108794D2207831100525575 /* dehancerd_clientTests.swift in Sources */,
			);
			runOnlyForDeploymentPostprocessing = 0;
		};
/* End PBXSourcesBuildPhase section */

/* Begin PBXTargetDependency section */
		3108794A2207831100525575 /* PBXTargetDependency */ = {
			isa = PBXTargetDependency;
			target = 310879372207831000525575 /* dehancerd-client */;
			targetProxy = 310879492207831100525575 /* PBXContainerItemProxy */;
		};
/* End PBXTargetDependency section */

/* Begin PBXVariantGroup section */
		3108793F2207831000525575 /* MainMenu.xib */ = {
			isa = PBXVariantGroup;
			children = (
				310879402207831000525575 /* Base */,
			);
			name = MainMenu.xib;
			sourceTree = "<group>";
		};
/* End PBXVariantGroup section */

/* Begin XCBuildConfiguration section */
		3108794F2207831100525575 /* Debug */ = {
			isa = XCBuildConfiguration;
			buildSettings = {
				ALWAYS_SEARCH_USER_PATHS = NO;
				CLANG_ANALYZER_NONNULL = YES;
				CLANG_ANALYZER_NUMBER_OBJECT_CONVERSION = YES_AGGRESSIVE;
				CLANG_CXX_LANGUAGE_STANDARD = "gnu++14";
				CLANG_CXX_LIBRARY = "libc++";
				CLANG_ENABLE_MODULES = YES;
				CLANG_ENABLE_OBJC_ARC = YES;
				CLANG_ENABLE_OBJC_WEAK = YES;
				CLANG_WARN_BLOCK_CAPTURE_AUTORELEASING = YES;
				CLANG_WARN_BOOL_CONVERSION = YES;
				CLANG_WARN_COMMA = YES;
				CLANG_WARN_CONSTANT_CONVERSION = YES;
				CLANG_WARN_DEPRECATED_OBJC_IMPLEMENTATIONS = YES;
				CLANG_WARN_DIRECT_OBJC_ISA_USAGE = YES_ERROR;
				CLANG_WARN_DOCUMENTATION_COMMENTS = NO;
				CLANG_WARN_EMPTY_BODY = YES;
				CLANG_WARN_ENUM_CONVERSION = YES;
				CLANG_WARN_INFINITE_RECURSION = YES;
				CLANG_WARN_INT_CONVERSION = YES;
				CLANG_WARN_NON_LITERAL_NULL_CONVERSION = YES;
				CLANG_WARN_OBJC_IMPLICIT_RETAIN_SELF = YES;
				CLANG_WARN_OBJC_LITERAL_CONVERSION = YES;
				CLANG_WARN_OBJC_ROOT_CLASS = YES_ERROR;
				CLANG_WARN_RANGE_LOOP_ANALYSIS = YES;
				CLANG_WARN_STRICT_PROTOTYPES = YES;
				CLANG_WARN_SUSPICIOUS_MOVE = YES;
				CLANG_WARN_UNGUARDED_AVAILABILITY = YES_AGGRESSIVE;
				CLANG_WARN_UNREACHABLE_CODE = YES;
				CLANG_WARN__DUPLICATE_METHOD_MATCH = YES;
				CODE_SIGN_IDENTITY = "Mac Developer";
				COPY_PHASE_STRIP = NO;
				DEBUG_INFORMATION_FORMAT = dwarf;
				ENABLE_STRICT_OBJC_MSGSEND = YES;
				ENABLE_TESTABILITY = YES;
				GCC_C_LANGUAGE_STANDARD = gnu11;
				GCC_DYNAMIC_NO_PIC = NO;
				GCC_NO_COMMON_BLOCKS = YES;
				GCC_OPTIMIZATION_LEVEL = 0;
				GCC_PREPROCESSOR_DEFINITIONS = (
					"DEBUG=1",
					"$(inherited)",
				);
				GCC_WARN_64_TO_32_BIT_CONVERSION = YES;
				GCC_WARN_ABOUT_RETURN_TYPE = YES_ERROR;
				GCC_WARN_UNDECLARED_SELECTOR = YES;
				GCC_WARN_UNINITIALIZED_AUTOS = YES_AGGRESSIVE;
				GCC_WARN_UNUSED_FUNCTION = YES;
				GCC_WARN_UNUSED_VARIABLE = YES;
				MACOSX_DEPLOYMENT_TARGET = 10.14;
				MTL_ENABLE_DEBUG_INFO = INCLUDE_SOURCE;
				MTL_FAST_MATH = YES;
				ONLY_ACTIVE_ARCH = YES;
				SDKROOT = macosx;
				SWIFT_ACTIVE_COMPILATION_CONDITIONS = DEBUG;
				SWIFT_OPTIMIZATION_LEVEL = "-Onone";
			};
			name = Debug;
		};
		310879502207831100525575 /* Release */ = {
			isa = XCBuildConfiguration;
			buildSettings = {
				ALWAYS_SEARCH_USER_PATHS = NO;
				CLANG_ANALYZER_NONNULL = YES;
				CLANG_ANALYZER_NUMBER_OBJECT_CONVERSION = YES_AGGRESSIVE;
				CLANG_CXX_LANGUAGE_STANDARD = "gnu++14";
				CLANG_CXX_LIBRARY = "libc++";
				CLANG_ENABLE_MODULES = YES;
				CLANG_ENABLE_OBJC_ARC = YES;
				CLANG_ENABLE_OBJC_WEAK = YES;
				CLANG_WARN_BLOCK_CAPTURE_AUTORELEASING = YES;
				CLANG_WARN_BOOL_CONVERSION = YES;
				CLANG_WARN_COMMA = YES;
				CLANG_WARN_CONSTANT_CONVERSION = YES;
				CLANG_WARN_DEPRECATED_OBJC_IMPLEMENTATIONS = YES;
				CLANG_WARN_DIRECT_OBJC_ISA_USAGE = YES_ERROR;
				CLANG_WARN_DOCUMENTATION_COMMENTS = NO;
				CLANG_WARN_EMPTY_BODY = YES;
				CLANG_WARN_ENUM_CONVERSION = YES;
				CLANG_WARN_INFINITE_RECURSION = YES;
				CLANG_WARN_INT_CONVERSION = YES;
				CLANG_WARN_NON_LITERAL_NULL_CONVERSION = YES;
				CLANG_WARN_OBJC_IMPLICIT_RETAIN_SELF = YES;
				CLANG_WARN_OBJC_LITERAL_CONVERSION = YES;
				CLANG_WARN_OBJC_ROOT_CLASS = YES_ERROR;
				CLANG_WARN_RANGE_LOOP_ANALYSIS = YES;
				CLANG_WARN_STRICT_PROTOTYPES = YES;
				CLANG_WARN_SUSPICIOUS_MOVE = YES;
				CLANG_WARN_UNGUARDED_AVAILABILITY = YES_AGGRESSIVE;
				CLANG_WARN_UNREACHABLE_CODE = YES;
				CLANG_WARN__DUPLICATE_METHOD_MATCH = YES;
				CODE_SIGN_IDENTITY = "Mac Developer";
				COPY_PHASE_STRIP = NO;
				DEBUG_INFORMATION_FORMAT = "dwarf-with-dsym";
				ENABLE_NS_ASSERTIONS = NO;
				ENABLE_STRICT_OBJC_MSGSEND = YES;
				GCC_C_LANGUAGE_STANDARD = gnu11;
				GCC_NO_COMMON_BLOCKS = YES;
				GCC_WARN_64_TO_32_BIT_CONVERSION = YES;
				GCC_WARN_ABOUT_RETURN_TYPE = YES_ERROR;
				GCC_WARN_UNDECLARED_SELECTOR = YES;
				GCC_WARN_UNINITIALIZED_AUTOS = YES_AGGRESSIVE;
				GCC_WARN_UNUSED_FUNCTION = YES;
				GCC_WARN_UNUSED_VARIABLE = YES;
				MACOSX_DEPLOYMENT_TARGET = 10.14;
				MTL_ENABLE_DEBUG_INFO = NO;
				MTL_FAST_MATH = YES;
				SDKROOT = macosx;
				SWIFT_COMPILATION_MODE = wholemodule;
				SWIFT_OPTIMIZATION_LEVEL = "-O";
			};
			name = Release;
		};
		310879522207831100525575 /* Debug */ = {
			isa = XCBuildConfiguration;
			baseConfigurationReference = E1BA2F05EBBC4CD2B068E021 /* Pods-dehancerd-client.debug.xcconfig */;
			buildSettings = {
				ASSETCATALOG_COMPILER_APPICON_NAME = AppIcon;
				CLANG_WARN_DOCUMENTATION_COMMENTS = NO;
				CODE_SIGN_IDENTITY = "Mac Developer";
				CODE_SIGN_STYLE = Automatic;
				COMBINE_HIDPI_IMAGES = YES;
				DEVELOPMENT_TEAM = DQ37UR7F9A;
				ENABLE_HARDENED_RUNTIME = YES;
				INFOPLIST_FILE = "dehancerd-client/Info.plist";
				LD_RUNPATH_SEARCH_PATHS = (
					"$(inherited)",
					"@executable_path/../Frameworks",
				);
				PRODUCT_BUNDLE_IDENTIFIER = "Dehancer.dehancerd-client";
				PRODUCT_NAME = "$(TARGET_NAME)";
				PROVISIONING_PROFILE_SPECIFIER = "";
				SWIFT_VERSION = 5.0;
			};
			name = Debug;
		};
		310879532207831100525575 /* Release */ = {
			isa = XCBuildConfiguration;
			baseConfigurationReference = 105CE1F2A1C34299CCEB7876 /* Pods-dehancerd-client.release.xcconfig */;
			buildSettings = {
				ASSETCATALOG_COMPILER_APPICON_NAME = AppIcon;
				CLANG_WARN_DOCUMENTATION_COMMENTS = NO;
				CODE_SIGN_IDENTITY = "Mac Developer";
				CODE_SIGN_STYLE = Automatic;
				COMBINE_HIDPI_IMAGES = YES;
				DEVELOPMENT_TEAM = DQ37UR7F9A;
				ENABLE_HARDENED_RUNTIME = YES;
				INFOPLIST_FILE = "dehancerd-client/Info.plist";
				LD_RUNPATH_SEARCH_PATHS = (
					"$(inherited)",
					"@executable_path/../Frameworks",
				);
				PRODUCT_BUNDLE_IDENTIFIER = "Dehancer.dehancerd-client";
				PRODUCT_NAME = "$(TARGET_NAME)";
				PROVISIONING_PROFILE_SPECIFIER = "";
				SWIFT_VERSION = 5.0;
			};
			name = Release;
		};
		310879552207831100525575 /* Debug */ = {
			isa = XCBuildConfiguration;
			baseConfigurationReference = 45CE6E008126BED771A51D63 /* Pods-dehancerd-clientTests.debug.xcconfig */;
			buildSettings = {
				ALWAYS_EMBED_SWIFT_STANDARD_LIBRARIES = YES;
				BUNDLE_LOADER = "$(TEST_HOST)";
				CLANG_WARN_DOCUMENTATION_COMMENTS = NO;
				CODE_SIGN_STYLE = Automatic;
				COMBINE_HIDPI_IMAGES = YES;
				DEVELOPMENT_TEAM = DQ37UR7F9A;
				INFOPLIST_FILE = "dehancerd-clientTests/Info.plist";
				LD_RUNPATH_SEARCH_PATHS = (
					"$(inherited)",
					"@executable_path/../Frameworks",
					"@loader_path/../Frameworks",
				);
				PRODUCT_BUNDLE_IDENTIFIER = "Dehancer.dehancerd-clientTests";
				PRODUCT_NAME = "$(TARGET_NAME)";
				SWIFT_VERSION = 5.0;
				TEST_HOST = "$(BUILT_PRODUCTS_DIR)/dehancerd-client.app/Contents/MacOS/dehancerd-client";
			};
			name = Debug;
		};
		310879562207831100525575 /* Release */ = {
			isa = XCBuildConfiguration;
			baseConfigurationReference = 32AA7AD4C33D6D5497B81FF2 /* Pods-dehancerd-clientTests.release.xcconfig */;
			buildSettings = {
				ALWAYS_EMBED_SWIFT_STANDARD_LIBRARIES = YES;
				BUNDLE_LOADER = "$(TEST_HOST)";
				CLANG_WARN_DOCUMENTATION_COMMENTS = NO;
				CODE_SIGN_STYLE = Automatic;
				COMBINE_HIDPI_IMAGES = YES;
				DEVELOPMENT_TEAM = DQ37UR7F9A;
				INFOPLIST_FILE = "dehancerd-clientTests/Info.plist";
				LD_RUNPATH_SEARCH_PATHS = (
					"$(inherited)",
					"@executable_path/../Frameworks",
					"@loader_path/../Frameworks",
				);
				PRODUCT_BUNDLE_IDENTIFIER = "Dehancer.dehancerd-clientTests";
				PRODUCT_NAME = "$(TARGET_NAME)";
				SWIFT_VERSION = 5.0;
				TEST_HOST = "$(BUILT_PRODUCTS_DIR)/dehancerd-client.app/Contents/MacOS/dehancerd-client";
			};
			name = Release;
		};
/* End XCBuildConfiguration section */

/* Begin XCConfigurationList section */
		310879332207831000525575 /* Build configuration list for PBXProject "dehancerd-client" */ = {
			isa = XCConfigurationList;
			buildConfigurations = (
				3108794F2207831100525575 /* Debug */,
				310879502207831100525575 /* Release */,
			);
			defaultConfigurationIsVisible = 0;
			defaultConfigurationName = Release;
		};
		310879512207831100525575 /* Build configuration list for PBXNativeTarget "dehancerd-client" */ = {
			isa = XCConfigurationList;
			buildConfigurations = (
				310879522207831100525575 /* Debug */,
				310879532207831100525575 /* Release */,
			);
			defaultConfigurationIsVisible = 0;
			defaultConfigurationName = Release;
		};
		310879542207831100525575 /* Build configuration list for PBXNativeTarget "dehancerd-clientTests" */ = {
			isa = XCConfigurationList;
			buildConfigurations = (
				310879552207831100525575 /* Debug */,
				310879562207831100525575 /* Release */,
			);
			defaultConfigurationIsVisible = 0;
			defaultConfigurationName = Release;
		};
/* End XCConfigurationList section */
	};
	rootObject = 310879302207831000525575 /* Project object */;
}
